
Microsoft Visual Studio Solution File, Format Version 12.00
# Visual Studio 14
VisualStudioVersion = 14.0.24720.0
MinimumVisualStudioVersion = 10.0.40219.1
Project("{FAE04EC0-301F-11D3-BF4B-00C04F79EFBC}") = "TraceBackend", "TraceBackend.csproj", "{51D4A296-30EB-445E-B906-1A2C3C737071}"
EndProject
Project("{FAE04EC0-301F-11D3-BF4B-00C04F79EFBC}") = "TraceUI", "..\TraceUI\TraceUI.csproj", "{41C9A2B7-F176-4955-A83A-05E47145D24D}"
EndProject
Global
	GlobalSection(SolutionConfigurationPlatforms) = preSolution
		Debug|Any CPU = Debug|Any CPU
		Release|Any CPU = Release|Any CPU
	EndGlobalSection
	GlobalSection(ProjectConfigurationPlatforms) = postSolution
		{51D4A296-30EB-445E-B906-1A2C3C737071}.Debug|Any CPU.ActiveCfg = Debug|Any CPU
		{51D4A296-30EB-445E-B906-1A2C3C737071}.Debug|Any CPU.Build.0 = Debug|Any CPU
		{51D4A296-30EB-445E-B906-1A2C3C737071}.Release|Any CPU.ActiveCfg = Release|Any CPU
		{51D4A296-30EB-445E-B906-1A2C3C737071}.Release|Any CPU.Build.0 = Release|Any CPU
		{41C9A2B7-F176-4955-A83A-05E47145D24D}.Debug|Any CPU.ActiveCfg = Debug|Any CPU
		{41C9A2B7-F176-4955-A83A-05E47145D24D}.Debug|Any CPU.Build.0 = Debug|Any CPU
		{41C9A2B7-F176-4955-A83A-05E47145D24D}.Release|Any CPU.ActiveCfg = Release|Any CPU
		{41C9A2B7-F176-4955-A83A-05E47145D24D}.Release|Any CPU.Build.0 = Release|Any CPU
	EndGlobalSection
	GlobalSection(SolutionProperties) = preSolution
		HideSolutionNode = FALSE
	EndGlobalSection
EndGlobal
